
Microsoft Visual Studio Solution File, Format Version 12.00
# Visual Studio 14
VisualStudioVersion = 14.0.22303.0
MinimumVisualStudioVersion = 10.0.40219.1
Project("{FAE04EC0-301F-11D3-BF4B-00C04F79EFBC}") = "ContosoRepairManager", "ContosoRepairManager\ContosoRepairManager.csproj", "{2102FFEC-7936-47BE-9A2C-51825F9E2CC7}"
EndProject
Global
	GlobalSection(SolutionConfigurationPlatforms) = preSolution
		Debug|Any CPU = Debug|Any CPU
		Release|Any CPU = Release|Any CPU
	EndGlobalSection
	GlobalSection(ProjectConfigurationPlatforms) = postSolution
		{2102FFEC-7936-47BE-9A2C-51825F9E2CC7}.Debug|Any CPU.ActiveCfg = Debug|Any CPU
		{2102FFEC-7936-47BE-9A2C-51825F9E2CC7}.Debug|Any CPU.Build.0 = Debug|Any CPU
		{2102FFEC-7936-47BE-9A2C-51825F9E2CC7}.Release|Any CPU.ActiveCfg = Release|Any CPU
		{2102FFEC-7936-47BE-9A2C-51825F9E2CC7}.Release|Any CPU.Build.0 = Release|Any CPU
	EndGlobalSection
	GlobalSection(SolutionProperties) = preSolution
		HideSolutionNode = FALSE
	EndGlobalSection
EndGlobal
